// !$*UTF8*$!
{
	archiveVersion = 1;
	classes = {
	};
	objectVersion = 46;
	objects = {

/* Begin PBXBuildFile section */
		188723411CAE5A27004B20F9 /* main.m in Sources */ = {isa = PBXBuildFile; fileRef = 188723401CAE5A27004B20F9 /* main.m */; };
		188723441CAE5A27004B20F9 /* AppDelegate.m in Sources */ = {isa = PBXBuildFile; fileRef = 188723431CAE5A27004B20F9 /* AppDelegate.m */; };
		188723471CAE5A27004B20F9 /* ViewController.m in Sources */ = {isa = PBXBuildFile; fileRef = 188723461CAE5A27004B20F9 /* ViewController.m */; };
		1887234A1CAE5A27004B20F9 /* Main.storyboard in Resources */ = {isa = PBXBuildFile; fileRef = 188723481CAE5A27004B20F9 /* Main.storyboard */; };
		1887234C1CAE5A27004B20F9 /* Assets.xcassets in Resources */ = {isa = PBXBuildFile; fileRef = 1887234B1CAE5A27004B20F9 /* Assets.xcassets */; };
		1887234F1CAE5A27004B20F9 /* LaunchScreen.storyboard in Resources */ = {isa = PBXBuildFile; fileRef = 1887234D1CAE5A27004B20F9 /* LaunchScreen.storyboard */; };
		1887235A1CAE5A27004B20F9 /* SUAppRateDemoTests.m in Sources */ = {isa = PBXBuildFile; fileRef = 188723591CAE5A27004B20F9 /* SUAppRateDemoTests.m */; };
		188723651CAE5A27004B20F9 /* SUAppRateDemoUITests.m in Sources */ = {isa = PBXBuildFile; fileRef = 188723641CAE5A27004B20F9 /* SUAppRateDemoUITests.m */; };
		188723751CAE5BA3004B20F9 /* SUAppRater.m in Sources */ = {isa = PBXBuildFile; fileRef = 188723741CAE5BA3004B20F9 /* SUAppRater.m */; };
		188723771CAE5C16004B20F9 /* StoreKit.framework in Frameworks */ = {isa = PBXBuildFile; fileRef = 188723761CAE5C16004B20F9 /* StoreKit.framework */; };
/* End PBXBuildFile section */

/* Begin PBXContainerItemProxy section */
		188723561CAE5A27004B20F9 /* PBXContainerItemProxy */ = {
			isa = PBXContainerItemProxy;
			containerPortal = 188723341CAE5A27004B20F9 /* Project object */;
			proxyType = 1;
			remoteGlobalIDString = 1887233B1CAE5A27004B20F9;
			remoteInfo = SUAppRateDemo;
		};
		188723611CAE5A27004B20F9 /* PBXContainerItemProxy */ = {
			isa = PBXContainerItemProxy;
			containerPortal = 188723341CAE5A27004B20F9 /* Project object */;
			proxyType = 1;
			remoteGlobalIDString = 1887233B1CAE5A27004B20F9;
			remoteInfo = SUAppRateDemo;
		};
/* End PBXContainerItemProxy section */

/* Begin PBXFileReference section */
		1887233C1CAE5A27004B20F9 /* SUAppRateDemo.app */ = {isa = PBXFileReference; explicitFileType = wrapper.application; includeInIndex = 0; path = SUAppRateDemo.app; sourceTree = BUILT_PRODUCTS_DIR; };
		188723401CAE5A27004B20F9 /* main.m */ = {isa = PBXFileReference; lastKnownFileType = sourcecode.c.objc; path = main.m; sourceTree = "<group>"; };
		188723421CAE5A27004B20F9 /* AppDelegate.h */ = {isa = PBXFileReference; lastKnownFileType = sourcecode.c.h; path = AppDelegate.h; sourceTree = "<group>"; };
		188723431CAE5A27004B20F9 /* AppDelegate.m */ = {isa = PBXFileReference; lastKnownFileType = sourcecode.c.objc; path = AppDelegate.m; sourceTree = "<group>"; };
		188723451CAE5A27004B20F9 /* ViewController.h */ = {isa = PBXFileReference; lastKnownFileType = sourcecode.c.h; path = ViewController.h; sourceTree = "<group>"; };
		188723461CAE5A27004B20F9 /* ViewController.m */ = {isa = PBXFileReference; lastKnownFileType = sourcecode.c.objc; path = ViewController.m; sourceTree = "<group>"; };
		188723491CAE5A27004B20F9 /* Base */ = {isa = PBXFileReference; lastKnownFileType = file.storyboard; name = Base; path = Base.lproj/Main.storyboard; sourceTree = "<group>"; };
		1887234B1CAE5A27004B20F9 /* Assets.xcassets */ = {isa = PBXFileReference; lastKnownFileType = folder.assetcatalog; path = Assets.xcassets; sourceTree = "<group>"; };
		1887234E1CAE5A27004B20F9 /* Base */ = {isa = PBXFileReference; lastKnownFileType = file.storyboard; name = Base; path = Base.lproj/LaunchScreen.storyboard; sourceTree = "<group>"; };
		188723501CAE5A27004B20F9 /* Info.plist */ = {isa = PBXFileReference; lastKnownFileType = text.plist.xml; path = Info.plist; sourceTree = "<group>"; };
		188723551CAE5A27004B20F9 /* SUAppRateDemoTests.xctest */ = {isa = PBXFileReference; explicitFileType = wrapper.cfbundle; includeInIndex = 0; path = SUAppRateDemoTests.xctest; sourceTree = BUILT_PRODUCTS_DIR; };
		188723591CAE5A27004B20F9 /* SUAppRateDemoTests.m */ = {isa = PBXFileReference; lastKnownFileType = sourcecode.c.objc; path = SUAppRateDemoTests.m; sourceTree = "<group>"; };
		1887235B1CAE5A27004B20F9 /* Info.plist */ = {isa = PBXFileReference; lastKnownFileType = text.plist.xml; path = Info.plist; sourceTree = "<group>"; };
		188723601CAE5A27004B20F9 /* SUAppRateDemoUITests.xctest */ = {isa = PBXFileReference; explicitFileType = wrapper.cfbundle; includeInIndex = 0; path = SUAppRateDemoUITests.xctest; sourceTree = BUILT_PRODUCTS_DIR; };
		188723641CAE5A27004B20F9 /* SUAppRateDemoUITests.m */ = {isa = PBXFileReference; lastKnownFileType = sourcecode.c.objc; path = SUAppRateDemoUITests.m; sourceTree = "<group>"; };
		188723661CAE5A27004B20F9 /* Info.plist */ = {isa = PBXFileReference; lastKnownFileType = text.plist.xml; path = Info.plist; sourceTree = "<group>"; };
		188723731CAE5BA3004B20F9 /* SUAppRater.h */ = {isa = PBXFileReference; fileEncoding = 4; lastKnownFileType = sourcecode.c.h; path = SUAppRater.h; sourceTree = "<group>"; };
		188723741CAE5BA3004B20F9 /* SUAppRater.m */ = {isa = PBXFileReference; fileEncoding = 4; lastKnownFileType = sourcecode.c.objc; path = SUAppRater.m; sourceTree = "<group>"; };
		188723761CAE5C16004B20F9 /* StoreKit.framework */ = {isa = PBXFileReference; lastKnownFileType = wrapper.framework; name = StoreKit.framework; path = System/Library/Frameworks/StoreKit.framework; sourceTree = SDKROOT; };
/* End PBXFileReference section */

/* Begin PBXFrameworksBuildPhase section */
		188723391CAE5A27004B20F9 /* Frameworks */ = {
			isa = PBXFrameworksBuildPhase;
			buildActionMask = 2147483647;
			files = (
				188723771CAE5C16004B20F9 /* StoreKit.framework in Frameworks */,
			);
			runOnlyForDeploymentPostprocessing = 0;
		};
		188723521CAE5A27004B20F9 /* Frameworks */ = {
			isa = PBXFrameworksBuildPhase;
			buildActionMask = 2147483647;
			files = (
			);
			runOnlyForDeploymentPostprocessing = 0;
		};
		1887235D1CAE5A27004B20F9 /* Frameworks */ = {
			isa = PBXFrameworksBuildPhase;
			buildActionMask = 2147483647;
			files = (
			);
			runOnlyForDeploymentPostprocessing = 0;
		};
/* End PBXFrameworksBuildPhase section */

/* Begin PBXGroup section */
		188723331CAE5A27004B20F9 = {
			isa = PBXGroup;
			children = (
				188723761CAE5C16004B20F9 /* StoreKit.framework */,
				188723721CAE5A58004B20F9 /* SUAppRater */,
				1887233E1CAE5A27004B20F9 /* SUAppRateDemo */,
				188723581CAE5A27004B20F9 /* SUAppRateDemoTests */,
				188723631CAE5A27004B20F9 /* SUAppRateDemoUITests */,
				1887233D1CAE5A27004B20F9 /* Products */,
			);
			sourceTree = "<group>";
		};
		1887233D1CAE5A27004B20F9 /* Products */ = {
			isa = PBXGroup;
			children = (
				1887233C1CAE5A27004B20F9 /* SUAppRateDemo.app */,
				188723551CAE5A27004B20F9 /* SUAppRateDemoTests.xctest */,
				188723601CAE5A27004B20F9 /* SUAppRateDemoUITests.xctest */,
			);
			name = Products;
			sourceTree = "<group>";
		};
		1887233E1CAE5A27004B20F9 /* SUAppRateDemo */ = {
			isa = PBXGroup;
			children = (
				188723421CAE5A27004B20F9 /* AppDelegate.h */,
				188723431CAE5A27004B20F9 /* AppDelegate.m */,
				188723451CAE5A27004B20F9 /* ViewController.h */,
				188723461CAE5A27004B20F9 /* ViewController.m */,
				188723481CAE5A27004B20F9 /* Main.storyboard */,
				1887234B1CAE5A27004B20F9 /* Assets.xcassets */,
				1887234D1CAE5A27004B20F9 /* LaunchScreen.storyboard */,
				188723501CAE5A27004B20F9 /* Info.plist */,
				1887233F1CAE5A27004B20F9 /* Supporting Files */,
			);
			path = SUAppRateDemo;
			sourceTree = "<group>";
		};
		1887233F1CAE5A27004B20F9 /* Supporting Files */ = {
			isa = PBXGroup;
			children = (
				188723401CAE5A27004B20F9 /* main.m */,
			);
			name = "Supporting Files";
			sourceTree = "<group>";
		};
		188723581CAE5A27004B20F9 /* SUAppRateDemoTests */ = {
			isa = PBXGroup;
			children = (
				188723591CAE5A27004B20F9 /* SUAppRateDemoTests.m */,
				1887235B1CAE5A27004B20F9 /* Info.plist */,
			);
			path = SUAppRateDemoTests;
			sourceTree = "<group>";
		};
		188723631CAE5A27004B20F9 /* SUAppRateDemoUITests */ = {
			isa = PBXGroup;
			children = (
				188723641CAE5A27004B20F9 /* SUAppRateDemoUITests.m */,
				188723661CAE5A27004B20F9 /* Info.plist */,
			);
			path = SUAppRateDemoUITests;
			sourceTree = "<group>";
		};
		188723721CAE5A58004B20F9 /* SUAppRater */ = {
			isa = PBXGroup;
			children = (
				188723731CAE5BA3004B20F9 /* SUAppRater.h */,
				188723741CAE5BA3004B20F9 /* SUAppRater.m */,
			);
			name = SUAppRater;
			path = ../SUAppRate;
			sourceTree = "<group>";
		};
/* End PBXGroup section */

/* Begin PBXNativeTarget section */
		1887233B1CAE5A27004B20F9 /* SUAppRateDemo */ = {
			isa = PBXNativeTarget;
			buildConfigurationList = 188723691CAE5A27004B20F9 /* Build configuration list for PBXNativeTarget "SUAppRateDemo" */;
			buildPhases = (
				188723381CAE5A27004B20F9 /* Sources */,
				188723391CAE5A27004B20F9 /* Frameworks */,
				1887233A1CAE5A27004B20F9 /* Resources */,
			);
			buildRules = (
			);
			dependencies = (
			);
			name = SUAppRateDemo;
			productName = SUAppRateDemo;
			productReference = 1887233C1CAE5A27004B20F9 /* SUAppRateDemo.app */;
			productType = "com.apple.product-type.application";
		};
		188723541CAE5A27004B20F9 /* SUAppRateDemoTests */ = {
			isa = PBXNativeTarget;
			buildConfigurationList = 1887236C1CAE5A27004B20F9 /* Build configuration list for PBXNativeTarget "SUAppRateDemoTests" */;
			buildPhases = (
				188723511CAE5A27004B20F9 /* Sources */,
				188723521CAE5A27004B20F9 /* Frameworks */,
				188723531CAE5A27004B20F9 /* Resources */,
			);
			buildRules = (
			);
			dependencies = (
				188723571CAE5A27004B20F9 /* PBXTargetDependency */,
			);
			name = SUAppRateDemoTests;
			productName = SUAppRateDemoTests;
			productReference = 188723551CAE5A27004B20F9 /* SUAppRateDemoTests.xctest */;
			productType = "com.apple.product-type.bundle.unit-test";
		};
		1887235F1CAE5A27004B20F9 /* SUAppRateDemoUITests */ = {
			isa = PBXNativeTarget;
			buildConfigurationList = 1887236F1CAE5A27004B20F9 /* Build configuration list for PBXNativeTarget "SUAppRateDemoUITests" */;
			buildPhases = (
				1887235C1CAE5A27004B20F9 /* Sources */,
				1887235D1CAE5A27004B20F9 /* Frameworks */,
				1887235E1CAE5A27004B20F9 /* Resources */,
			);
			buildRules = (
			);
			dependencies = (
				188723621CAE5A27004B20F9 /* PBXTargetDependency */,
			);
			name = SUAppRateDemoUITests;
			productName = SUAppRateDemoUITests;
			productReference = 188723601CAE5A27004B20F9 /* SUAppRateDemoUITests.xctest */;
			productType = "com.apple.product-type.bundle.ui-testing";
		};
/* End PBXNativeTarget section */

/* Begin PBXProject section */
		188723341CAE5A27004B20F9 /* Project object */ = {
			isa = PBXProject;
			attributes = {
				LastUpgradeCheck = 0730;
				ORGANIZATIONNAME = "cyou-inc.com";
				TargetAttributes = {
					1887233B1CAE5A27004B20F9 = {
						CreatedOnToolsVersion = 7.3;
						DevelopmentTeam = 6Q9M9K233P;
						SystemCapabilities = {
							com.apple.InAppPurchase = {
								enabled = 1;
							};
						};
					};
					188723541CAE5A27004B20F9 = {
						CreatedOnToolsVersion = 7.3;
						TestTargetID = 1887233B1CAE5A27004B20F9;
					};
					1887235F1CAE5A27004B20F9 = {
						CreatedOnToolsVersion = 7.3;
						TestTargetID = 1887233B1CAE5A27004B20F9;
					};
				};
			};
			buildConfigurationList = 188723371CAE5A27004B20F9 /* Build configuration list for PBXProject "SUAppRateDemo" */;
			compatibilityVersion = "Xcode 3.2";
			developmentRegion = English;
			hasScannedForEncodings = 0;
			knownRegions = (
				en,
				Base,
			);
			mainGroup = 188723331CAE5A27004B20F9;
			productRefGroup = 1887233D1CAE5A27004B20F9 /* Products */;
			projectDirPath = "";
			projectRoot = "";
			targets = (
				1887233B1CAE5A27004B20F9 /* SUAppRateDemo */,
				188723541CAE5A27004B20F9 /* SUAppRateDemoTests */,
				1887235F1CAE5A27004B20F9 /* SUAppRateDemoUITests */,
			);
		};
/* End PBXProject section */

/* Begin PBXResourcesBuildPhase section */
		1887233A1CAE5A27004B20F9 /* Resources */ = {
			isa = PBXResourcesBuildPhase;
			buildActionMask = 2147483647;
			files = (
				1887234F1CAE5A27004B20F9 /* LaunchScreen.storyboard in Resources */,
				1887234C1CAE5A27004B20F9 /* Assets.xcassets in Resources */,
				1887234A1CAE5A27004B20F9 /* Main.storyboard in Resources */,
			);
			runOnlyForDeploymentPostprocessing = 0;
		};
		188723531CAE5A27004B20F9 /* Resources */ = {
			isa = PBXResourcesBuildPhase;
			buildActionMask = 2147483647;
			files = (
			);
			runOnlyForDeploymentPostprocessing = 0;
		};
		1887235E1CAE5A27004B20F9 /* Resources */ = {
			isa = PBXResourcesBuildPhase;
			buildActionMask = 2147483647;
			files = (
			);
			runOnlyForDeploymentPostprocessing = 0;
		};
/* End PBXResourcesBuildPhase section */

/* Begin PBXSourcesBuildPhase section */
		188723381CAE5A27004B20F9 /* Sources */ = {
			isa = PBXSourcesBuildPhase;
			buildActionMask = 2147483647;
			files = (
				188723471CAE5A27004B20F9 /* ViewController.m in Sources */,
				188723441CAE5A27004B20F9 /* AppDelegate.m in Sources */,
				188723411CAE5A27004B20F9 /* main.m in Sources */,
				188723751CAE5BA3004B20F9 /* SUAppRater.m in Sources */,
			);
			runOnlyForDeploymentPostprocessing = 0;
		};
		188723511CAE5A27004B20F9 /* Sources */ = {
			isa = PBXSourcesBuildPhase;
			buildActionMask = 2147483647;
			files = (
				1887235A1CAE5A27004B20F9 /* SUAppRateDemoTests.m in Sources */,
			);
			runOnlyForDeploymentPostprocessing = 0;
		};
		1887235C1CAE5A27004B20F9 /* Sources */ = {
			isa = PBXSourcesBuildPhase;
			buildActionMask = 2147483647;
			files = (
				188723651CAE5A27004B20F9 /* SUAppRateDemoUITests.m in Sources */,
			);
			runOnlyForDeploymentPostprocessing = 0;
		};
/* End PBXSourcesBuildPhase section */

/* Begin PBXTargetDependency section */
		188723571CAE5A27004B20F9 /* PBXTargetDependency */ = {
			isa = PBXTargetDependency;
			target = 1887233B1CAE5A27004B20F9 /* SUAppRateDemo */;
			targetProxy = 188723561CAE5A27004B20F9 /* PBXContainerItemProxy */;
		};
		188723621CAE5A27004B20F9 /* PBXTargetDependency */ = {
			isa = PBXTargetDependency;
			target = 1887233B1CAE5A27004B20F9 /* SUAppRateDemo */;
			targetProxy = 188723611CAE5A27004B20F9 /* PBXContainerItemProxy */;
		};
/* End PBXTargetDependency section */

/* Begin PBXVariantGroup section */
		188723481CAE5A27004B20F9 /* Main.storyboard */ = {
			isa = PBXVariantGroup;
			children = (
				188723491CAE5A27004B20F9 /* Base */,
			);
			name = Main.storyboard;
			sourceTree = "<group>";
		};
		1887234D1CAE5A27004B20F9 /* LaunchScreen.storyboard */ = {
			isa = PBXVariantGroup;
			children = (
				1887234E1CAE5A27004B20F9 /* Base */,
			);
			name = LaunchScreen.storyboard;
			sourceTree = "<group>";
		};
/* End PBXVariantGroup section */

/* Begin XCBuildConfiguration section */
		188723671CAE5A27004B20F9 /* Debug */ = {
			isa = XCBuildConfiguration;
			buildSettings = {
				ALWAYS_SEARCH_USER_PATHS = NO;
				CLANG_ANALYZER_NONNULL = YES;
				CLANG_CXX_LANGUAGE_STANDARD = "gnu++0x";
				CLANG_CXX_LIBRARY = "libc++";
				CLANG_ENABLE_MODULES = YES;
				CLANG_ENABLE_OBJC_ARC = YES;
				CLANG_WARN_BOOL_CONVERSION = YES;
				CLANG_WARN_CONSTANT_CONVERSION = YES;
				CLANG_WARN_DIRECT_OBJC_ISA_USAGE = YES_ERROR;
				CLANG_WARN_EMPTY_BODY = YES;
				CLANG_WARN_ENUM_CONVERSION = YES;
				CLANG_WARN_INT_CONVERSION = YES;
				CLANG_WARN_OBJC_ROOT_CLASS = YES_ERROR;
				CLANG_WARN_UNREACHABLE_CODE = YES;
				CLANG_WARN__DUPLICATE_METHOD_MATCH = YES;
				"CODE_SIGN_IDENTITY[sdk=iphoneos*]" = "iPhone Developer";
				COPY_PHASE_STRIP = NO;
				DEBUG_INFORMATION_FORMAT = dwarf;
				ENABLE_STRICT_OBJC_MSGSEND = YES;
				ENABLE_TESTABILITY = YES;
				GCC_C_LANGUAGE_STANDARD = gnu99;
				GCC_DYNAMIC_NO_PIC = NO;
				GCC_NO_COMMON_BLOCKS = YES;
				GCC_OPTIMIZATION_LEVEL = 0;
				GCC_PREPROCESSOR_DEFINITIONS = (
					"DEBUG=1",
					"$(inherited)",
				);
				GCC_WARN_64_TO_32_BIT_CONVERSION = YES;
				GCC_WARN_ABOUT_RETURN_TYPE = YES_ERROR;
				GCC_WARN_UNDECLARED_SELECTOR = YES;
				GCC_WARN_UNINITIALIZED_AUTOS = YES_AGGRESSIVE;
				GCC_WARN_UNUSED_FUNCTION = YES;
				GCC_WARN_UNUSED_VARIABLE = YES;
				IPHONEOS_DEPLOYMENT_TARGET = 9.3;
				MTL_ENABLE_DEBUG_INFO = YES;
				ONLY_ACTIVE_ARCH = YES;
				SDKROOT = iphoneos;
			};
			name = Debug;
		};
		188723681CAE5A27004B20F9 /* Release */ = {
			isa = XCBuildConfiguration;
			buildSettings = {
				ALWAYS_SEARCH_USER_PATHS = NO;
				CLANG_ANALYZER_NONNULL = YES;
				CLANG_CXX_LANGUAGE_STANDARD = "gnu++0x";
				CLANG_CXX_LIBRARY = "libc++";
				CLANG_ENABLE_MODULES = YES;
				CLANG_ENABLE_OBJC_ARC = YES;
				CLANG_WARN_BOOL_CONVERSION = YES;
				CLANG_WARN_CONSTANT_CONVERSION = YES;
				CLANG_WARN_DIRECT_OBJC_ISA_USAGE = YES_ERROR;
				CLANG_WARN_EMPTY_BODY = YES;
				CLANG_WARN_ENUM_CONVERSION = YES;
				CLANG_WARN_INT_CONVERSION = YES;
				CLANG_WARN_OBJC_ROOT_CLASS = YES_ERROR;
				CLANG_WARN_UNREACHABLE_CODE = YES;
				CLANG_WARN__DUPLICATE_METHOD_MATCH = YES;
				"CODE_SIGN_IDENTITY[sdk=iphoneos*]" = "iPhone Developer";
				COPY_PHASE_STRIP = NO;
				DEBUG_INFORMATION_FORMAT = "dwarf-with-dsym";
				ENABLE_NS_ASSERTIONS = NO;
				ENABLE_STRICT_OBJC_MSGSEND = YES;
				GCC_C_LANGUAGE_STANDARD = gnu99;
				GCC_NO_COMMON_BLOCKS = YES;
				GCC_WARN_64_TO_32_BIT_CONVERSION = YES;
				GCC_WARN_ABOUT_RETURN_TYPE = YES_ERROR;
				GCC_WARN_UNDECLARED_SELECTOR = YES;
				GCC_WARN_UNINITIALIZED_AUTOS = YES_AGGRESSIVE;
				GCC_WARN_UNUSED_FUNCTION = YES;
				GCC_WARN_UNUSED_VARIABLE = YES;
				IPHONEOS_DEPLOYMENT_TARGET = 9.3;
				MTL_ENABLE_DEBUG_INFO = NO;
				SDKROOT = iphoneos;
				VALIDATE_PRODUCT = YES;
			};
			name = Release;
		};
		1887236A1CAE5A27004B20F9 /* Debug */ = {
			isa = XCBuildConfiguration;
			buildSettings = {
				ASSETCATALOG_COMPILER_APPICON_NAME = AppIcon;
				INFOPLIST_FILE = SUAppRateDemo/Info.plist;
				IPHONEOS_DEPLOYMENT_TARGET = 7.0;
				LD_RUNPATH_SEARCH_PATHS = "$(inherited) @executable_path/Frameworks";
				PRODUCT_BUNDLE_IDENTIFIER = "com.cyou-inc.SUAppRateDemo";
				PRODUCT_NAME = "$(TARGET_NAME)";
			};
			name = Debug;
		};
		1887236B1CAE5A27004B20F9 /* Release */ = {
			isa = XCBuildConfiguration;
			buildSettings = {
				ASSETCATALOG_COMPILER_APPICON_NAME = AppIcon;
				INFOPLIST_FILE = SUAppRateDemo/Info.plist;
				IPHONEOS_DEPLOYMENT_TARGET = 7.0;
				LD_RUNPATH_SEARCH_PATHS = "$(inherited) @executable_path/Frameworks";
				PRODUCT_BUNDLE_IDENTIFIER = "com.cyou-inc.SUAppRateDemo";
				PRODUCT_NAME = "$(TARGET_NAME)";
			};
			name = Release;
		};
		1887236D1CAE5A27004B20F9 /* Debug */ = {
			isa = XCBuildConfiguration;
			buildSettings = {
				BUNDLE_LOADER = "$(TEST_HOST)";
				INFOPLIST_FILE = SUAppRateDemoTests/Info.plist;
				LD_RUNPATH_SEARCH_PATHS = "$(inherited) @executable_path/Frameworks @loader_path/Frameworks";
				PRODUCT_BUNDLE_IDENTIFIER = "com.cyou-inc.SUAppRateDemoTests";
				PRODUCT_NAME = "$(TARGET_NAME)";
				TEST_HOST = "$(BUILT_PRODUCTS_DIR)/SUAppRateDemo.app/SUAppRateDemo";
			};
			name = Debug;
		};
		1887236E1CAE5A27004B20F9 /* Release */ = {
			isa = XCBuildConfiguration;
			buildSettings = {
				BUNDLE_LOADER = "$(TEST_HOST)";
				INFOPLIST_FILE = SUAppRateDemoTests/Info.plist;
				LD_RUNPATH_SEARCH_PATHS = "$(inherited) @executable_path/Frameworks @loader_path/Frameworks";
				PRODUCT_BUNDLE_IDENTIFIER = "com.cyou-inc.SUAppRateDemoTests";
				PRODUCT_NAME = "$(TARGET_NAME)";
				TEST_HOST = "$(BUILT_PRODUCTS_DIR)/SUAppRateDemo.app/SUAppRateDemo";
			};
			name = Release;
		};
		188723701CAE5A27004B20F9 /* Debug */ = {
			isa = XCBuildConfiguration;
			buildSettings = {
				INFOPLIST_FILE = SUAppRateDemoUITests/Info.plist;
				LD_RUNPATH_SEARCH_PATHS = "$(inherited) @executable_path/Frameworks @loader_path/Frameworks";
				PRODUCT_BUNDLE_IDENTIFIER = "com.cyou-inc.SUAppRateDemoUITests";
				PRODUCT_NAME = "$(TARGET_NAME)";
				TEST_TARGET_NAME = SUAppRateDemo;
			};
			name = Debug;
		};
		188723711CAE5A27004B20F9 /* Release */ = {
			isa = XCBuildConfiguration;
			buildSettings = {
				INFOPLIST_FILE = SUAppRateDemoUITests/Info.plist;
				LD_RUNPATH_SEARCH_PATHS = "$(inherited) @executable_path/Frameworks @loader_path/Frameworks";
				PRODUCT_BUNDLE_IDENTIFIER = "com.cyou-inc.SUAppRateDemoUITests";
				PRODUCT_NAME = "$(TARGET_NAME)";
				TEST_TARGET_NAME = SUAppRateDemo;
			};
			name = Release;
		};
/* End XCBuildConfiguration section */

/* Begin XCConfigurationList section */
		188723371CAE5A27004B20F9 /* Build configuration list for PBXProject "SUAppRateDemo" */ = {
			isa = XCConfigurationList;
			buildConfigurations = (
				188723671CAE5A27004B20F9 /* Debug */,
				188723681CAE5A27004B20F9 /* Release */,
			);
			defaultConfigurationIsVisible = 0;
			defaultConfigurationName = Release;
		};
		188723691CAE5A27004B20F9 /* Build configuration list for PBXNativeTarget "SUAppRateDemo" */ = {
			isa = XCConfigurationList;
			buildConfigurations = (
				1887236A1CAE5A27004B20F9 /* Debug */,
				1887236B1CAE5A27004B20F9 /* Release */,
			);
			defaultConfigurationIsVisible = 0;
			defaultConfigurationName = Release;
		};
		1887236C1CAE5A27004B20F9 /* Build configuration list for PBXNativeTarget "SUAppRateDemoTests" */ = {
			isa = XCConfigurationList;
			buildConfigurations = (
				1887236D1CAE5A27004B20F9 /* Debug */,
				1887236E1CAE5A27004B20F9 /* Release */,
			);
			defaultConfigurationIsVisible = 0;
			defaultConfigurationName = Release;
		};
		1887236F1CAE5A27004B20F9 /* Build configuration list for PBXNativeTarget "SUAppRateDemoUITests" */ = {
			isa = XCConfigurationList;
			buildConfigurations = (
				188723701CAE5A27004B20F9 /* Debug */,
				188723711CAE5A27004B20F9 /* Release */,
			);
			defaultConfigurationIsVisible = 0;
			defaultConfigurationName = Release;
		};
/* End XCConfigurationList section */
	};
	rootObject = 188723341CAE5A27004B20F9 /* Project object */;
}
